
Microsoft Visual Studio Solution File, Format Version 12.00
# Visual Studio Version 17
VisualStudioVersion = 17.8.34330.188
MinimumVisualStudioVersion = 10.0.40219.1
Project("{888888A0-9F3D-457C-B088-3A5042F75D52}") = "WebCrawling", "WebCrawling\WebCrawling.pyproj", "{E62FCA19-3E95-474F-AEBC-6D603ED6DA0C}"
EndProject
Global
	GlobalSection(SolutionConfigurationPlatforms) = preSolution
		Debug|Any CPU = Debug|Any CPU
		Release|Any CPU = Release|Any CPU
	EndGlobalSection
	GlobalSection(ProjectConfigurationPlatforms) = postSolution
		{E62FCA19-3E95-474F-AEBC-6D603ED6DA0C}.Debug|Any CPU.ActiveCfg = Debug|Any CPU
		{E62FCA19-3E95-474F-AEBC-6D603ED6DA0C}.Release|Any CPU.ActiveCfg = Release|Any CPU
	EndGlobalSection
	GlobalSection(SolutionProperties) = preSolution
		HideSolutionNode = FALSE
	EndGlobalSection
	GlobalSection(ExtensibilityGlobals) = postSolution
		SolutionGuid = {7EB31ED8-9A2D-4EE8-BF07-FB672683D52E}
	EndGlobalSection
EndGlobal
